// !$*UTF8*$!
{
	archiveVersion = 1;
	classes = {
	};
	objectVersion = 46;
	objects = {

/* Begin PBXBuildFile section */
		62DD9D0F19C106A600AC46FA /* NotesListTableViewController.m in Sources */ = {isa = PBXBuildFile; fileRef = 62DD9D0E19C106A600AC46FA /* NotesListTableViewController.m */; };
		62FDBBE219C0CEB20088719B /* main.m in Sources */ = {isa = PBXBuildFile; fileRef = 62FDBBE119C0CEB20088719B /* main.m */; };
		62FDBBE519C0CEB20088719B /* AppDelegate.m in Sources */ = {isa = PBXBuildFile; fileRef = 62FDBBE419C0CEB20088719B /* AppDelegate.m */; };
		62FDBBEB19C0CEB20088719B /* Main.storyboard in Resources */ = {isa = PBXBuildFile; fileRef = 62FDBBE919C0CEB20088719B /* Main.storyboard */; };
		62FDBBED19C0CEB20088719B /* Images.xcassets in Resources */ = {isa = PBXBuildFile; fileRef = 62FDBBEC19C0CEB20088719B /* Images.xcassets */; };
		62FDBBF019C0CEB20088719B /* LaunchScreen.xib in Resources */ = {isa = PBXBuildFile; fileRef = 62FDBBEE19C0CEB20088719B /* LaunchScreen.xib */; };
		62FDBBFC19C0CEB20088719B /* NotesTests.m in Sources */ = {isa = PBXBuildFile; fileRef = 62FDBBFB19C0CEB20088719B /* NotesTests.m */; };
/* End PBXBuildFile section */

/* Begin PBXContainerItemProxy section */
		62FDBBF619C0CEB20088719B /* PBXContainerItemProxy */ = {
			isa = PBXContainerItemProxy;
			containerPortal = 62FDBBD419C0CEB20088719B /* Project object */;
			proxyType = 1;
			remoteGlobalIDString = 62FDBBDB19C0CEB20088719B;
			remoteInfo = Notes;
		};
/* End PBXContainerItemProxy section */

/* Begin PBXFileReference section */
		62DD9D0D19C106A600AC46FA /* NotesListTableViewController.h */ = {isa = PBXFileReference; fileEncoding = 4; lastKnownFileType = sourcecode.c.h; path = NotesListTableViewController.h; sourceTree = "<group>"; };
		62DD9D0E19C106A600AC46FA /* NotesListTableViewController.m */ = {isa = PBXFileReference; fileEncoding = 4; lastKnownFileType = sourcecode.c.objc; path = NotesListTableViewController.m; sourceTree = "<group>"; };
		62FDBBDC19C0CEB20088719B /* Notes.app */ = {isa = PBXFileReference; explicitFileType = wrapper.application; includeInIndex = 0; path = Notes.app; sourceTree = BUILT_PRODUCTS_DIR; };
		62FDBBE019C0CEB20088719B /* Info.plist */ = {isa = PBXFileReference; lastKnownFileType = text.plist.xml; path = Info.plist; sourceTree = "<group>"; };
		62FDBBE119C0CEB20088719B /* main.m */ = {isa = PBXFileReference; lastKnownFileType = sourcecode.c.objc; path = main.m; sourceTree = "<group>"; };
		62FDBBE319C0CEB20088719B /* AppDelegate.h */ = {isa = PBXFileReference; lastKnownFileType = sourcecode.c.h; path = AppDelegate.h; sourceTree = "<group>"; };
		62FDBBE419C0CEB20088719B /* AppDelegate.m */ = {isa = PBXFileReference; lastKnownFileType = sourcecode.c.objc; path = AppDelegate.m; sourceTree = "<group>"; };
		62FDBBEA19C0CEB20088719B /* Base */ = {isa = PBXFileReference; lastKnownFileType = file.storyboard; name = Base; path = Base.lproj/Main.storyboard; sourceTree = "<group>"; };
		62FDBBEC19C0CEB20088719B /* Images.xcassets */ = {isa = PBXFileReference; lastKnownFileType = folder.assetcatalog; path = Images.xcassets; sourceTree = "<group>"; };
		62FDBBEF19C0CEB20088719B /* Base */ = {isa = PBXFileReference; lastKnownFileType = file.xib; name = Base; path = Base.lproj/LaunchScreen.xib; sourceTree = "<group>"; };
		62FDBBF519C0CEB20088719B /* NotesTests.xctest */ = {isa = PBXFileReference; explicitFileType = wrapper.cfbundle; includeInIndex = 0; path = NotesTests.xctest; sourceTree = BUILT_PRODUCTS_DIR; };
		62FDBBFA19C0CEB20088719B /* Info.plist */ = {isa = PBXFileReference; lastKnownFileType = text.plist.xml; path = Info.plist; sourceTree = "<group>"; };
		62FDBBFB19C0CEB20088719B /* NotesTests.m */ = {isa = PBXFileReference; lastKnownFileType = sourcecode.c.objc; path = NotesTests.m; sourceTree = "<group>"; };
/* End PBXFileReference section */

/* Begin PBXFrameworksBuildPhase section */
		62FDBBD919C0CEB20088719B /* Frameworks */ = {
			isa = PBXFrameworksBuildPhase;
			buildActionMask = 2147483647;
			files = (
			);
			runOnlyForDeploymentPostprocessing = 0;
		};
		62FDBBF219C0CEB20088719B /* Frameworks */ = {
			isa = PBXFrameworksBuildPhase;
			buildActionMask = 2147483647;
			files = (
			);
			runOnlyForDeploymentPostprocessing = 0;
		};
/* End PBXFrameworksBuildPhase section */

/* Begin PBXGroup section */
		62FDBBD319C0CEB20088719B = {
			isa = PBXGroup;
			children = (
				62FDBBDE19C0CEB20088719B /* Notes */,
				62FDBBF819C0CEB20088719B /* NotesTests */,
				62FDBBDD19C0CEB20088719B /* Products */,
			);
			sourceTree = "<group>";
		};
		62FDBBDD19C0CEB20088719B /* Products */ = {
			isa = PBXGroup;
			children = (
				62FDBBDC19C0CEB20088719B /* Notes.app */,
				62FDBBF519C0CEB20088719B /* NotesTests.xctest */,
			);
			name = Products;
			sourceTree = "<group>";
		};
		62FDBBDE19C0CEB20088719B /* Notes */ = {
			isa = PBXGroup;
			children = (
				62FDBBE319C0CEB20088719B /* AppDelegate.h */,
				62FDBBE419C0CEB20088719B /* AppDelegate.m */,
				62FDBBE919C0CEB20088719B /* Main.storyboard */,
				62DD9D0D19C106A600AC46FA /* NotesListTableViewController.h */,
				62DD9D0E19C106A600AC46FA /* NotesListTableViewController.m */,
				62FDBBEC19C0CEB20088719B /* Images.xcassets */,
				62FDBBEE19C0CEB20088719B /* LaunchScreen.xib */,
				62FDBBDF19C0CEB20088719B /* Supporting Files */,
			);
			path = Notes;
			sourceTree = "<group>";
		};
		62FDBBDF19C0CEB20088719B /* Supporting Files */ = {
			isa = PBXGroup;
			children = (
				62FDBBE019C0CEB20088719B /* Info.plist */,
				62FDBBE119C0CEB20088719B /* main.m */,
			);
			name = "Supporting Files";
			sourceTree = "<group>";
		};
		62FDBBF819C0CEB20088719B /* NotesTests */ = {
			isa = PBXGroup;
			children = (
				62FDBBFB19C0CEB20088719B /* NotesTests.m */,
				62FDBBF919C0CEB20088719B /* Supporting Files */,
			);
			path = NotesTests;
			sourceTree = "<group>";
		};
		62FDBBF919C0CEB20088719B /* Supporting Files */ = {
			isa = PBXGroup;
			children = (
				62FDBBFA19C0CEB20088719B /* Info.plist */,
			);
			name = "Supporting Files";
			sourceTree = "<group>";
		};
/* End PBXGroup section */

/* Begin PBXNativeTarget section */
		62FDBBDB19C0CEB20088719B /* Notes */ = {
			isa = PBXNativeTarget;
			buildConfigurationList = 62FDBBFF19C0CEB20088719B /* Build configuration list for PBXNativeTarget "Notes" */;
			buildPhases = (
				62FDBBD819C0CEB20088719B /* Sources */,
				62FDBBD919C0CEB20088719B /* Frameworks */,
				62FDBBDA19C0CEB20088719B /* Resources */,
			);
			buildRules = (
			);
			dependencies = (
			);
			name = Notes;
			productName = Notes;
			productReference = 62FDBBDC19C0CEB20088719B /* Notes.app */;
			productType = "com.apple.product-type.application";
		};
		62FDBBF419C0CEB20088719B /* NotesTests */ = {
			isa = PBXNativeTarget;
			buildConfigurationList = 62FDBC0219C0CEB20088719B /* Build configuration list for PBXNativeTarget "NotesTests" */;
			buildPhases = (
				62FDBBF119C0CEB20088719B /* Sources */,
				62FDBBF219C0CEB20088719B /* Frameworks */,
				62FDBBF319C0CEB20088719B /* Resources */,
			);
			buildRules = (
			);
			dependencies = (
				62FDBBF719C0CEB20088719B /* PBXTargetDependency */,
			);
			name = NotesTests;
			productName = NotesTests;
			productReference = 62FDBBF519C0CEB20088719B /* NotesTests.xctest */;
			productType = "com.apple.product-type.bundle.unit-test";
		};
/* End PBXNativeTarget section */

/* Begin PBXProject section */
		62FDBBD419C0CEB20088719B /* Project object */ = {
			isa = PBXProject;
			attributes = {
				LastUpgradeCheck = 0600;
				ORGANIZATIONNAME = MakeSchool;
				TargetAttributes = {
					62FDBBDB19C0CEB20088719B = {
						CreatedOnToolsVersion = 6.0;
					};
					62FDBBF419C0CEB20088719B = {
						CreatedOnToolsVersion = 6.0;
						TestTargetID = 62FDBBDB19C0CEB20088719B;
					};
				};
			};
			buildConfigurationList = 62FDBBD719C0CEB20088719B /* Build configuration list for PBXProject "Notes" */;
			compatibilityVersion = "Xcode 3.2";
			developmentRegion = English;
			hasScannedForEncodings = 0;
			knownRegions = (
				en,
				Base,
			);
			mainGroup = 62FDBBD319C0CEB20088719B;
			productRefGroup = 62FDBBDD19C0CEB20088719B /* Products */;
			projectDirPath = "";
			projectRoot = "";
			targets = (
				62FDBBDB19C0CEB20088719B /* Notes */,
				62FDBBF419C0CEB20088719B /* NotesTests */,
			);
		};
/* End PBXProject section */

/* Begin PBXResourcesBuildPhase section */
		62FDBBDA19C0CEB20088719B /* Resources */ = {
			isa = PBXResourcesBuildPhase;
			buildActionMask = 2147483647;
			files = (
				62FDBBEB19C0CEB20088719B /* Main.storyboard in Resources */,
				62FDBBF019C0CEB20088719B /* LaunchScreen.xib in Resources */,
				62FDBBED19C0CEB20088719B /* Images.xcassets in Resources */,
			);
			runOnlyForDeploymentPostprocessing = 0;
		};
		62FDBBF319C0CEB20088719B /* Resources */ = {
			isa = PBXResourcesBuildPhase;
			buildActionMask = 2147483647;
			files = (
			);
			runOnlyForDeploymentPostprocessing = 0;
		};
/* End PBXResourcesBuildPhase section */

/* Begin PBXSourcesBuildPhase section */
		62FDBBD819C0CEB20088719B /* Sources */ = {
			isa = PBXSourcesBuildPhase;
			buildActionMask = 2147483647;
			files = (
				62FDBBE519C0CEB20088719B /* AppDelegate.m in Sources */,
				62FDBBE219C0CEB20088719B /* main.m in Sources */,
				62DD9D0F19C106A600AC46FA /* NotesListTableViewController.m in Sources */,
			);
			runOnlyForDeploymentPostprocessing = 0;
		};
		62FDBBF119C0CEB20088719B /* Sources */ = {
			isa = PBXSourcesBuildPhase;
			buildActionMask = 2147483647;
			files = (
				62FDBBFC19C0CEB20088719B /* NotesTests.m in Sources */,
			);
			runOnlyForDeploymentPostprocessing = 0;
		};
/* End PBXSourcesBuildPhase section */

/* Begin PBXTargetDependency section */
		62FDBBF719C0CEB20088719B /* PBXTargetDependency */ = {
			isa = PBXTargetDependency;
			target = 62FDBBDB19C0CEB20088719B /* Notes */;
			targetProxy = 62FDBBF619C0CEB20088719B /* PBXContainerItemProxy */;
		};
/* End PBXTargetDependency section */

/* Begin PBXVariantGroup section */
		62FDBBE919C0CEB20088719B /* Main.storyboard */ = {
			isa = PBXVariantGroup;
			children = (
				62FDBBEA19C0CEB20088719B /* Base */,
			);
			name = Main.storyboard;
			sourceTree = "<group>";
		};
		62FDBBEE19C0CEB20088719B /* LaunchScreen.xib */ = {
			isa = PBXVariantGroup;
			children = (
				62FDBBEF19C0CEB20088719B /* Base */,
			);
			name = LaunchScreen.xib;
			sourceTree = "<group>";
		};
/* End PBXVariantGroup section */

/* Begin XCBuildConfiguration section */
		62FDBBFD19C0CEB20088719B /* Debug */ = {
			isa = XCBuildConfiguration;
			buildSettings = {
				ALWAYS_SEARCH_USER_PATHS = NO;
				CLANG_CXX_LANGUAGE_STANDARD = "gnu++0x";
				CLANG_CXX_LIBRARY = "libc++";
				CLANG_ENABLE_MODULES = YES;
				CLANG_ENABLE_OBJC_ARC = YES;
				CLANG_WARN_BOOL_CONVERSION = YES;
				CLANG_WARN_CONSTANT_CONVERSION = YES;
				CLANG_WARN_DIRECT_OBJC_ISA_USAGE = YES_ERROR;
				CLANG_WARN_EMPTY_BODY = YES;
				CLANG_WARN_ENUM_CONVERSION = YES;
				CLANG_WARN_INT_CONVERSION = YES;
				CLANG_WARN_OBJC_ROOT_CLASS = YES_ERROR;
				CLANG_WARN_UNREACHABLE_CODE = YES;
				CLANG_WARN__DUPLICATE_METHOD_MATCH = YES;
				"CODE_SIGN_IDENTITY[sdk=iphoneos*]" = "iPhone Developer";
				COPY_PHASE_STRIP = NO;
				ENABLE_STRICT_OBJC_MSGSEND = YES;
				GCC_C_LANGUAGE_STANDARD = gnu99;
				GCC_DYNAMIC_NO_PIC = NO;
				GCC_OPTIMIZATION_LEVEL = 0;
				GCC_PREPROCESSOR_DEFINITIONS = (
					"DEBUG=1",
					"$(inherited)",
				);
				GCC_SYMBOLS_PRIVATE_EXTERN = NO;
				GCC_WARN_64_TO_32_BIT_CONVERSION = YES;
				GCC_WARN_ABOUT_RETURN_TYPE = YES_ERROR;
				GCC_WARN_UNDECLARED_SELECTOR = YES;
				GCC_WARN_UNINITIALIZED_AUTOS = YES_AGGRESSIVE;
				GCC_WARN_UNUSED_FUNCTION = YES;
				GCC_WARN_UNUSED_VARIABLE = YES;
				IPHONEOS_DEPLOYMENT_TARGET = 8.0;
				MTL_ENABLE_DEBUG_INFO = YES;
				ONLY_ACTIVE_ARCH = YES;
				SDKROOT = iphoneos;
			};
			name = Debug;
		};
		62FDBBFE19C0CEB20088719B /* Release */ = {
			isa = XCBuildConfiguration;
			buildSettings = {
				ALWAYS_SEARCH_USER_PATHS = NO;
				CLANG_CXX_LANGUAGE_STANDARD = "gnu++0x";
				CLANG_CXX_LIBRARY = "libc++";
				CLANG_ENABLE_MODULES = YES;
				CLANG_ENABLE_OBJC_ARC = YES;
				CLANG_WARN_BOOL_CONVERSION = YES;
				CLANG_WARN_CONSTANT_CONVERSION = YES;
				CLANG_WARN_DIRECT_OBJC_ISA_USAGE = YES_ERROR;
				CLANG_WARN_EMPTY_BODY = YES;
				CLANG_WARN_ENUM_CONVERSION = YES;
				CLANG_WARN_INT_CONVERSION = YES;
				CLANG_WARN_OBJC_ROOT_CLASS = YES_ERROR;
				CLANG_WARN_UNREACHABLE_CODE = YES;
				CLANG_WARN__DUPLICATE_METHOD_MATCH = YES;
				"CODE_SIGN_IDENTITY[sdk=iphoneos*]" = "iPhone Developer";
				COPY_PHASE_STRIP = YES;
				ENABLE_NS_ASSERTIONS = NO;
				ENABLE_STRICT_OBJC_MSGSEND = YES;
				GCC_C_LANGUAGE_STANDARD = gnu99;
				GCC_WARN_64_TO_32_BIT_CONVERSION = YES;
				GCC_WARN_ABOUT_RETURN_TYPE = YES_ERROR;
				GCC_WARN_UNDECLARED_SELECTOR = YES;
				GCC_WARN_UNINITIALIZED_AUTOS = YES_AGGRESSIVE;
				GCC_WARN_UNUSED_FUNCTION = YES;
				GCC_WARN_UNUSED_VARIABLE = YES;
				IPHONEOS_DEPLOYMENT_TARGET = 8.0;
				MTL_ENABLE_DEBUG_INFO = NO;
				SDKROOT = iphoneos;
				VALIDATE_PRODUCT = YES;
			};
			name = Release;
		};
		62FDBC0019C0CEB20088719B /* Debug */ = {
			isa = XCBuildConfiguration;
			buildSettings = {
				ASSETCATALOG_COMPILER_APPICON_NAME = AppIcon;
				INFOPLIST_FILE = Notes/Info.plist;
				LD_RUNPATH_SEARCH_PATHS = "$(inherited) @executable_path/Frameworks";
				PRODUCT_NAME = "$(TARGET_NAME)";
				SHARED_PRECOMPS_DIR = "$(CACHE_ROOT)/SharedPrecompiledHeaders";
			};
			name = Debug;
		};
		62FDBC0119C0CEB20088719B /* Release */ = {
			isa = XCBuildConfiguration;
			buildSettings = {
				ASSETCATALOG_COMPILER_APPICON_NAME = AppIcon;
				INFOPLIST_FILE = Notes/Info.plist;
				LD_RUNPATH_SEARCH_PATHS = "$(inherited) @executable_path/Frameworks";
				PRODUCT_NAME = "$(TARGET_NAME)";
				SHARED_PRECOMPS_DIR = "$(CACHE_ROOT)/SharedPrecompiledHeaders";
			};
			name = Release;
		};
		62FDBC0319C0CEB20088719B /* Debug */ = {
			isa = XCBuildConfiguration;
			buildSettings = {
				BUNDLE_LOADER = "$(TEST_HOST)";
				FRAMEWORK_SEARCH_PATHS = (
					"$(SDKROOT)/Developer/Library/Frameworks",
					"$(inherited)",
				);
				GCC_PREPROCESSOR_DEFINITIONS = (
					"DEBUG=1",
					"$(inherited)",
				);
				INFOPLIST_FILE = NotesTests/Info.plist;
				LD_RUNPATH_SEARCH_PATHS = "$(inherited) @executable_path/Frameworks @loader_path/Frameworks";
				PRODUCT_NAME = "$(TARGET_NAME)";
				TEST_HOST = "$(BUILT_PRODUCTS_DIR)/Notes.app/Notes";
			};
			name = Debug;
		};
		62FDBC0419C0CEB20088719B /* Release */ = {
			isa = XCBuildConfiguration;
			buildSettings = {
				BUNDLE_LOADER = "$(TEST_HOST)";
				FRAMEWORK_SEARCH_PATHS = (
					"$(SDKROOT)/Developer/Library/Frameworks",
					"$(inherited)",
				);
				INFOPLIST_FILE = NotesTests/Info.plist;
				LD_RUNPATH_SEARCH_PATHS = "$(inherited) @executable_path/Frameworks @loader_path/Frameworks";
				PRODUCT_NAME = "$(TARGET_NAME)";
				TEST_HOST = "$(BUILT_PRODUCTS_DIR)/Notes.app/Notes";
			};
			name = Release;
		};
/* End XCBuildConfiguration section */

/* Begin XCConfigurationList section */
		62FDBBD719C0CEB20088719B /* Build configuration list for PBXProject "Notes" */ = {
			isa = XCConfigurationList;
			buildConfigurations = (
				62FDBBFD19C0CEB20088719B /* Debug */,
				62FDBBFE19C0CEB20088719B /* Release */,
			);
			defaultConfigurationIsVisible = 0;
			defaultConfigurationName = Release;
		};
		62FDBBFF19C0CEB20088719B /* Build configuration list for PBXNativeTarget "Notes" */ = {
			isa = XCConfigurationList;
			buildConfigurations = (
				62FDBC0019C0CEB20088719B /* Debug */,
				62FDBC0119C0CEB20088719B /* Release */,
			);
			defaultConfigurationIsVisible = 0;
			defaultConfigurationName = Release;
		};
		62FDBC0219C0CEB20088719B /* Build configuration list for PBXNativeTarget "NotesTests" */ = {
			isa = XCConfigurationList;
			buildConfigurations = (
				62FDBC0319C0CEB20088719B /* Debug */,
				62FDBC0419C0CEB20088719B /* Release */,
			);
			defaultConfigurationIsVisible = 0;
			defaultConfigurationName = Release;
		};
/* End XCConfigurationList section */
	};
	rootObject = 62FDBBD419C0CEB20088719B /* Project object */;
}
